
Microsoft Visual Studio Solution File, Format Version 12.00
# Visual Studio 14
VisualStudioVersion = 14.0.25420.1
MinimumVisualStudioVersion = 10.0.40219.1
Project("{FAE04EC0-301F-11D3-BF4B-00C04F79EFBC}") = "XamarinSample", "XamarinSample\XamarinSample\XamarinSample.csproj", "{4024B62D-C9E8-4A70-BB83-94F12C9E9AA4}"
EndProject
Project("{FAE04EC0-301F-11D3-BF4B-00C04F79EFBC}") = "XamarinSample.Droid", "XamarinSample\XamarinSample.Droid\XamarinSample.Droid.csproj", "{3249D162-4074-4B61-9EC5-72E8DBEAC075}"
EndProject
Project("{FAE04EC0-301F-11D3-BF4B-00C04F79EFBC}") = "XamarinSample.iOS", "XamarinSample\XamarinSample.iOS\XamarinSample.iOS.csproj", "{DAFEF1AB-A661-4A68-9A58-CB21C8D43CBE}"
EndProject
Global
	GlobalSection(SolutionConfigurationPlatforms) = preSolution
		Ad-Hoc|Any CPU = Ad-Hoc|Any CPU
		Ad-Hoc|ARM = Ad-Hoc|ARM
		Ad-Hoc|iPhone = Ad-Hoc|iPhone
		Ad-Hoc|iPhoneSimulator = Ad-Hoc|iPhoneSimulator
		Ad-Hoc|x64 = Ad-Hoc|x64
		Ad-Hoc|x86 = Ad-Hoc|x86
		AppStore|Any CPU = AppStore|Any CPU
		AppStore|ARM = AppStore|ARM
		AppStore|iPhone = AppStore|iPhone
		AppStore|iPhoneSimulator = AppStore|iPhoneSimulator
		AppStore|x64 = AppStore|x64
		AppStore|x86 = AppStore|x86
		Debug|Any CPU = Debug|Any CPU
		Debug|ARM = Debug|ARM
		Debug|iPhone = Debug|iPhone
		Debug|iPhoneSimulator = Debug|iPhoneSimulator
		Debug|x64 = Debug|x64
		Debug|x86 = Debug|x86
		Release|Any CPU = Release|Any CPU
		Release|ARM = Release|ARM
		Release|iPhone = Release|iPhone
		Release|iPhoneSimulator = Release|iPhoneSimulator
		Release|x64 = Release|x64
		Release|x86 = Release|x86
	EndGlobalSection
	GlobalSection(ProjectConfigurationPlatforms) = postSolution
		{4024B62D-C9E8-4A70-BB83-94F12C9E9AA4}.Ad-Hoc|Any CPU.ActiveCfg = Release|Any CPU
		{4024B62D-C9E8-4A70-BB83-94F12C9E9AA4}.Ad-Hoc|Any CPU.Build.0 = Release|Any CPU
		{4024B62D-C9E8-4A70-BB83-94F12C9E9AA4}.Ad-Hoc|ARM.ActiveCfg = Release|Any CPU
		{4024B62D-C9E8-4A70-BB83-94F12C9E9AA4}.Ad-Hoc|ARM.Build.0 = Release|Any CPU
		{4024B62D-C9E8-4A70-BB83-94F12C9E9AA4}.Ad-Hoc|iPhone.ActiveCfg = Release|Any CPU
		{4024B62D-C9E8-4A70-BB83-94F12C9E9AA4}.Ad-Hoc|iPhone.Build.0 = Release|Any CPU
		{4024B62D-C9E8-4A70-BB83-94F12C9E9AA4}.Ad-Hoc|iPhoneSimulator.ActiveCfg = Release|Any CPU
		{4024B62D-C9E8-4A70-BB83-94F12C9E9AA4}.Ad-Hoc|iPhoneSimulator.Build.0 = Release|Any CPU
		{4024B62D-C9E8-4A70-BB83-94F12C9E9AA4}.Ad-Hoc|x64.ActiveCfg = Release|Any CPU
		{4024B62D-C9E8-4A70-BB83-94F12C9E9AA4}.Ad-Hoc|x64.Build.0 = Release|Any CPU
		{4024B62D-C9E8-4A70-BB83-94F12C9E9AA4}.Ad-Hoc|x86.ActiveCfg = Release|Any CPU
		{4024B62D-C9E8-4A70-BB83-94F12C9E9AA4}.Ad-Hoc|x86.Build.0 = Release|Any CPU
		{4024B62D-C9E8-4A70-BB83-94F12C9E9AA4}.AppStore|Any CPU.ActiveCfg = Release|Any CPU
		{4024B62D-C9E8-4A70-BB83-94F12C9E9AA4}.AppStore|Any CPU.Build.0 = Release|Any CPU
		{4024B62D-C9E8-4A70-BB83-94F12C9E9AA4}.AppStore|ARM.ActiveCfg = Release|Any CPU
		{4024B62D-C9E8-4A70-BB83-94F12C9E9AA4}.AppStore|ARM.Build.0 = Release|Any CPU
		{4024B62D-C9E8-4A70-BB83-94F12C9E9AA4}.AppStore|iPhone.ActiveCfg = Release|Any CPU
		{4024B62D-C9E8-4A70-BB83-94F12C9E9AA4}.AppStore|iPhone.Build.0 = Release|Any CPU
		{4024B62D-C9E8-4A70-BB83-94F12C9E9AA4}.AppStore|iPhoneSimulator.ActiveCfg = Release|Any CPU
		{4024B62D-C9E8-4A70-BB83-94F12C9E9AA4}.AppStore|iPhoneSimulator.Build.0 = Release|Any CPU
		{4024B62D-C9E8-4A70-BB83-94F12C9E9AA4}.AppStore|x64.ActiveCfg = Release|Any CPU
		{4024B62D-C9E8-4A70-BB83-94F12C9E9AA4}.AppStore|x64.Build.0 = Release|Any CPU
		{4024B62D-C9E8-4A70-BB83-94F12C9E9AA4}.AppStore|x86.ActiveCfg = Release|Any CPU
		{4024B62D-C9E8-4A70-BB83-94F12C9E9AA4}.AppStore|x86.Build.0 = Release|Any CPU
		{4024B62D-C9E8-4A70-BB83-94F12C9E9AA4}.Debug|Any CPU.ActiveCfg = Debug|Any CPU
		{4024B62D-C9E8-4A70-BB83-94F12C9E9AA4}.Debug|Any CPU.Build.0 = Debug|Any CPU
		{4024B62D-C9E8-4A70-BB83-94F12C9E9AA4}.Debug|ARM.ActiveCfg = Debug|Any CPU
		{4024B62D-C9E8-4A70-BB83-94F12C9E9AA4}.Debug|ARM.Build.0 = Debug|Any CPU
		{4024B62D-C9E8-4A70-BB83-94F12C9E9AA4}.Debug|iPhone.ActiveCfg = Debug|Any CPU
		{4024B62D-C9E8-4A70-BB83-94F12C9E9AA4}.Debug|iPhone.Build.0 = Debug|Any CPU
		{4024B62D-C9E8-4A70-BB83-94F12C9E9AA4}.Debug|iPhoneSimulator.ActiveCfg = Debug|Any CPU
		{4024B62D-C9E8-4A70-BB83-94F12C9E9AA4}.Debug|iPhoneSimulator.Build.0 = Debug|Any CPU
		{4024B62D-C9E8-4A70-BB83-94F12C9E9AA4}.Debug|x64.ActiveCfg = Debug|Any CPU
		{4024B62D-C9E8-4A70-BB83-94F12C9E9AA4}.Debug|x64.Build.0 = Debug|Any CPU
		{4024B62D-C9E8-4A70-BB83-94F12C9E9AA4}.Debug|x86.ActiveCfg = Debug|Any CPU
		{4024B62D-C9E8-4A70-BB83-94F12C9E9AA4}.Debug|x86.Build.0 = Debug|Any CPU
		{4024B62D-C9E8-4A70-BB83-94F12C9E9AA4}.Release|Any CPU.ActiveCfg = Release|Any CPU
		{4024B62D-C9E8-4A70-BB83-94F12C9E9AA4}.Release|Any CPU.Build.0 = Release|Any CPU
		{4024B62D-C9E8-4A70-BB83-94F12C9E9AA4}.Release|ARM.ActiveCfg = Release|Any CPU
		{4024B62D-C9E8-4A70-BB83-94F12C9E9AA4}.Release|ARM.Build.0 = Release|Any CPU
		{4024B62D-C9E8-4A70-BB83-94F12C9E9AA4}.Release|iPhone.ActiveCfg = Release|Any CPU
		{4024B62D-C9E8-4A70-BB83-94F12C9E9AA4}.Release|iPhone.Build.0 = Release|Any CPU
		{4024B62D-C9E8-4A70-BB83-94F12C9E9AA4}.Release|iPhoneSimulator.ActiveCfg = Release|Any CPU
		{4024B62D-C9E8-4A70-BB83-94F12C9E9AA4}.Release|iPhoneSimulator.Build.0 = Release|Any CPU
		{4024B62D-C9E8-4A70-BB83-94F12C9E9AA4}.Release|x64.ActiveCfg = Release|Any CPU
		{4024B62D-C9E8-4A70-BB83-94F12C9E9AA4}.Release|x64.Build.0 = Release|Any CPU
		{4024B62D-C9E8-4A70-BB83-94F12C9E9AA4}.Release|x86.ActiveCfg = Release|Any CPU
		{4024B62D-C9E8-4A70-BB83-94F12C9E9AA4}.Release|x86.Build.0 = Release|Any CPU
		{3249D162-4074-4B61-9EC5-72E8DBEAC075}.Ad-Hoc|Any CPU.ActiveCfg = Release|Any CPU
		{3249D162-4074-4B61-9EC5-72E8DBEAC075}.Ad-Hoc|Any CPU.Build.0 = Release|Any CPU
		{3249D162-4074-4B61-9EC5-72E8DBEAC075}.Ad-Hoc|Any CPU.Deploy.0 = Release|Any CPU
		{3249D162-4074-4B61-9EC5-72E8DBEAC075}.Ad-Hoc|ARM.ActiveCfg = Release|Any CPU
		{3249D162-4074-4B61-9EC5-72E8DBEAC075}.Ad-Hoc|ARM.Build.0 = Release|Any CPU
		{3249D162-4074-4B61-9EC5-72E8DBEAC075}.Ad-Hoc|ARM.Deploy.0 = Release|Any CPU
		{3249D162-4074-4B61-9EC5-72E8DBEAC075}.Ad-Hoc|iPhone.ActiveCfg = Release|Any CPU
		{3249D162-4074-4B61-9EC5-72E8DBEAC075}.Ad-Hoc|iPhone.Build.0 = Release|Any CPU
		{3249D162-4074-4B61-9EC5-72E8DBEAC075}.Ad-Hoc|iPhone.Deploy.0 = Release|Any CPU
		{3249D162-4074-4B61-9EC5-72E8DBEAC075}.Ad-Hoc|iPhoneSimulator.ActiveCfg = Release|Any CPU
		{3249D162-4074-4B61-9EC5-72E8DBEAC075}.Ad-Hoc|iPhoneSimulator.Build.0 = Release|Any CPU
		{3249D162-4074-4B61-9EC5-72E8DBEAC075}.Ad-Hoc|iPhoneSimulator.Deploy.0 = Release|Any CPU
		{3249D162-4074-4B61-9EC5-72E8DBEAC075}.Ad-Hoc|x64.ActiveCfg = Release|Any CPU
		{3249D162-4074-4B61-9EC5-72E8DBEAC075}.Ad-Hoc|x64.Build.0 = Release|Any CPU
		{3249D162-4074-4B61-9EC5-72E8DBEAC075}.Ad-Hoc|x64.Deploy.0 = Release|Any CPU
		{3249D162-4074-4B61-9EC5-72E8DBEAC075}.Ad-Hoc|x86.ActiveCfg = Release|Any CPU
		{3249D162-4074-4B61-9EC5-72E8DBEAC075}.Ad-Hoc|x86.Build.0 = Release|Any CPU
		{3249D162-4074-4B61-9EC5-72E8DBEAC075}.Ad-Hoc|x86.Deploy.0 = Release|Any CPU
		{3249D162-4074-4B61-9EC5-72E8DBEAC075}.AppStore|Any CPU.ActiveCfg = Release|Any CPU
		{3249D162-4074-4B61-9EC5-72E8DBEAC075}.AppStore|Any CPU.Build.0 = Release|Any CPU
		{3249D162-4074-4B61-9EC5-72E8DBEAC075}.AppStore|Any CPU.Deploy.0 = Release|Any CPU
		{3249D162-4074-4B61-9EC5-72E8DBEAC075}.AppStore|ARM.ActiveCfg = Release|Any CPU
		{3249D162-4074-4B61-9EC5-72E8DBEAC075}.AppStore|ARM.Build.0 = Release|Any CPU
		{3249D162-4074-4B61-9EC5-72E8DBEAC075}.AppStore|ARM.Deploy.0 = Release|Any CPU
		{3249D162-4074-4B61-9EC5-72E8DBEAC075}.AppStore|iPhone.ActiveCfg = Release|Any CPU
		{3249D162-4074-4B61-9EC5-72E8DBEAC075}.AppStore|iPhone.Build.0 = Release|Any CPU
		{3249D162-4074-4B61-9EC5-72E8DBEAC075}.AppStore|iPhone.Deploy.0 = Release|Any CPU
		{3249D162-4074-4B61-9EC5-72E8DBEAC075}.AppStore|iPhoneSimulator.ActiveCfg = Release|Any CPU
		{3249D162-4074-4B61-9EC5-72E8DBEAC075}.AppStore|iPhoneSimulator.Build.0 = Release|Any CPU
		{3249D162-4074-4B61-9EC5-72E8DBEAC075}.AppStore|iPhoneSimulator.Deploy.0 = Release|Any CPU
		{3249D162-4074-4B61-9EC5-72E8DBEAC075}.AppStore|x64.ActiveCfg = Release|Any CPU
		{3249D162-4074-4B61-9EC5-72E8DBEAC075}.AppStore|x64.Build.0 = Release|Any CPU
		{3249D162-4074-4B61-9EC5-72E8DBEAC075}.AppStore|x64.Deploy.0 = Release|Any CPU
		{3249D162-4074-4B61-9EC5-72E8DBEAC075}.AppStore|x86.ActiveCfg = Release|Any CPU
		{3249D162-4074-4B61-9EC5-72E8DBEAC075}.AppStore|x86.Build.0 = Release|Any CPU
		{3249D162-4074-4B61-9EC5-72E8DBEAC075}.AppStore|x86.Deploy.0 = Release|Any CPU
		{3249D162-4074-4B61-9EC5-72E8DBEAC075}.Debug|Any CPU.ActiveCfg = Debug|Any CPU
		{3249D162-4074-4B61-9EC5-72E8DBEAC075}.Debug|Any CPU.Build.0 = Debug|Any CPU
		{3249D162-4074-4B61-9EC5-72E8DBEAC075}.Debug|Any CPU.Deploy.0 = Debug|Any CPU
		{3249D162-4074-4B61-9EC5-72E8DBEAC075}.Debug|ARM.ActiveCfg = Debug|Any CPU
		{3249D162-4074-4B61-9EC5-72E8DBEAC075}.Debug|ARM.Build.0 = Debug|Any CPU
		{3249D162-4074-4B61-9EC5-72E8DBEAC075}.Debug|ARM.Deploy.0 = Debug|Any CPU
		{3249D162-4074-4B61-9EC5-72E8DBEAC075}.Debug|iPhone.ActiveCfg = Debug|Any CPU
		{3249D162-4074-4B61-9EC5-72E8DBEAC075}.Debug|iPhone.Build.0 = Debug|Any CPU
		{3249D162-4074-4B61-9EC5-72E8DBEAC075}.Debug|iPhone.Deploy.0 = Debug|Any CPU
		{3249D162-4074-4B61-9EC5-72E8DBEAC075}.Debug|iPhoneSimulator.ActiveCfg = Debug|Any CPU
		{3249D162-4074-4B61-9EC5-72E8DBEAC075}.Debug|iPhoneSimulator.Build.0 = Debug|Any CPU
		{3249D162-4074-4B61-9EC5-72E8DBEAC075}.Debug|iPhoneSimulator.Deploy.0 = Debug|Any CPU
		{3249D162-4074-4B61-9EC5-72E8DBEAC075}.Debug|x64.ActiveCfg = Debug|Any CPU
		{3249D162-4074-4B61-9EC5-72E8DBEAC075}.Debug|x64.Build.0 = Debug|Any CPU
		{3249D162-4074-4B61-9EC5-72E8DBEAC075}.Debug|x64.Deploy.0 = Debug|Any CPU
		{3249D162-4074-4B61-9EC5-72E8DBEAC075}.Debug|x86.ActiveCfg = Debug|Any CPU
		{3249D162-4074-4B61-9EC5-72E8DBEAC075}.Debug|x86.Build.0 = Debug|Any CPU
		{3249D162-4074-4B61-9EC5-72E8DBEAC075}.Debug|x86.Deploy.0 = Debug|Any CPU
		{3249D162-4074-4B61-9EC5-72E8DBEAC075}.Release|Any CPU.ActiveCfg = Release|Any CPU
		{3249D162-4074-4B61-9EC5-72E8DBEAC075}.Release|Any CPU.Build.0 = Release|Any CPU
		{3249D162-4074-4B61-9EC5-72E8DBEAC075}.Release|Any CPU.Deploy.0 = Release|Any CPU
		{3249D162-4074-4B61-9EC5-72E8DBEAC075}.Release|ARM.ActiveCfg = Release|Any CPU
		{3249D162-4074-4B61-9EC5-72E8DBEAC075}.Release|ARM.Build.0 = Release|Any CPU
		{3249D162-4074-4B61-9EC5-72E8DBEAC075}.Release|ARM.Deploy.0 = Release|Any CPU
		{3249D162-4074-4B61-9EC5-72E8DBEAC075}.Release|iPhone.ActiveCfg = Release|Any CPU
		{3249D162-4074-4B61-9EC5-72E8DBEAC075}.Release|iPhone.Build.0 = Release|Any CPU
		{3249D162-4074-4B61-9EC5-72E8DBEAC075}.Release|iPhone.Deploy.0 = Release|Any CPU
		{3249D162-4074-4B61-9EC5-72E8DBEAC075}.Release|iPhoneSimulator.ActiveCfg = Release|Any CPU
		{3249D162-4074-4B61-9EC5-72E8DBEAC075}.Release|iPhoneSimulator.Build.0 = Release|Any CPU
		{3249D162-4074-4B61-9EC5-72E8DBEAC075}.Release|iPhoneSimulator.Deploy.0 = Release|Any CPU
		{3249D162-4074-4B61-9EC5-72E8DBEAC075}.Release|x64.ActiveCfg = Release|Any CPU
		{3249D162-4074-4B61-9EC5-72E8DBEAC075}.Release|x64.Build.0 = Release|Any CPU
		{3249D162-4074-4B61-9EC5-72E8DBEAC075}.Release|x64.Deploy.0 = Release|Any CPU
		{3249D162-4074-4B61-9EC5-72E8DBEAC075}.Release|x86.ActiveCfg = Release|Any CPU
		{3249D162-4074-4B61-9EC5-72E8DBEAC075}.Release|x86.Build.0 = Release|Any CPU
		{3249D162-4074-4B61-9EC5-72E8DBEAC075}.Release|x86.Deploy.0 = Release|Any CPU
		{DAFEF1AB-A661-4A68-9A58-CB21C8D43CBE}.Ad-Hoc|Any CPU.ActiveCfg = Ad-Hoc|iPhone
		{DAFEF1AB-A661-4A68-9A58-CB21C8D43CBE}.Ad-Hoc|ARM.ActiveCfg = Ad-Hoc|iPhone
		{DAFEF1AB-A661-4A68-9A58-CB21C8D43CBE}.Ad-Hoc|iPhone.ActiveCfg = Ad-Hoc|iPhone
		{DAFEF1AB-A661-4A68-9A58-CB21C8D43CBE}.Ad-Hoc|iPhone.Build.0 = Ad-Hoc|iPhone
		{DAFEF1AB-A661-4A68-9A58-CB21C8D43CBE}.Ad-Hoc|iPhoneSimulator.ActiveCfg = Ad-Hoc|iPhoneSimulator
		{DAFEF1AB-A661-4A68-9A58-CB21C8D43CBE}.Ad-Hoc|iPhoneSimulator.Build.0 = Ad-Hoc|iPhoneSimulator
		{DAFEF1AB-A661-4A68-9A58-CB21C8D43CBE}.Ad-Hoc|x64.ActiveCfg = Ad-Hoc|iPhone
		{DAFEF1AB-A661-4A68-9A58-CB21C8D43CBE}.Ad-Hoc|x86.ActiveCfg = Ad-Hoc|iPhone
		{DAFEF1AB-A661-4A68-9A58-CB21C8D43CBE}.AppStore|Any CPU.ActiveCfg = AppStore|iPhone
		{DAFEF1AB-A661-4A68-9A58-CB21C8D43CBE}.AppStore|ARM.ActiveCfg = AppStore|iPhone
		{DAFEF1AB-A661-4A68-9A58-CB21C8D43CBE}.AppStore|iPhone.ActiveCfg = AppStore|iPhone
		{DAFEF1AB-A661-4A68-9A58-CB21C8D43CBE}.AppStore|iPhone.Build.0 = AppStore|iPhone
		{DAFEF1AB-A661-4A68-9A58-CB21C8D43CBE}.AppStore|iPhoneSimulator.ActiveCfg = AppStore|iPhoneSimulator
		{DAFEF1AB-A661-4A68-9A58-CB21C8D43CBE}.AppStore|iPhoneSimulator.Build.0 = AppStore|iPhoneSimulator
		{DAFEF1AB-A661-4A68-9A58-CB21C8D43CBE}.AppStore|x64.ActiveCfg = AppStore|iPhone
		{DAFEF1AB-A661-4A68-9A58-CB21C8D43CBE}.AppStore|x86.ActiveCfg = AppStore|iPhone
		{DAFEF1AB-A661-4A68-9A58-CB21C8D43CBE}.Debug|Any CPU.ActiveCfg = Debug|iPhone
		{DAFEF1AB-A661-4A68-9A58-CB21C8D43CBE}.Debug|ARM.ActiveCfg = Debug|iPhone
		{DAFEF1AB-A661-4A68-9A58-CB21C8D43CBE}.Debug|iPhone.ActiveCfg = Debug|iPhone
		{DAFEF1AB-A661-4A68-9A58-CB21C8D43CBE}.Debug|iPhone.Build.0 = Debug|iPhone
		{DAFEF1AB-A661-4A68-9A58-CB21C8D43CBE}.Debug|iPhoneSimulator.ActiveCfg = Debug|iPhoneSimulator
		{DAFEF1AB-A661-4A68-9A58-CB21C8D43CBE}.Debug|iPhoneSimulator.Build.0 = Debug|iPhoneSimulator
		{DAFEF1AB-A661-4A68-9A58-CB21C8D43CBE}.Debug|x64.ActiveCfg = Debug|iPhone
		{DAFEF1AB-A661-4A68-9A58-CB21C8D43CBE}.Debug|x86.ActiveCfg = Debug|iPhone
		{DAFEF1AB-A661-4A68-9A58-CB21C8D43CBE}.Release|Any CPU.ActiveCfg = Release|iPhone
		{DAFEF1AB-A661-4A68-9A58-CB21C8D43CBE}.Release|ARM.ActiveCfg = Release|iPhone
		{DAFEF1AB-A661-4A68-9A58-CB21C8D43CBE}.Release|iPhone.ActiveCfg = Release|iPhone
		{DAFEF1AB-A661-4A68-9A58-CB21C8D43CBE}.Release|iPhone.Build.0 = Release|iPhone
		{DAFEF1AB-A661-4A68-9A58-CB21C8D43CBE}.Release|iPhoneSimulator.ActiveCfg = Release|iPhoneSimulator
		{DAFEF1AB-A661-4A68-9A58-CB21C8D43CBE}.Release|iPhoneSimulator.Build.0 = Release|iPhoneSimulator
		{DAFEF1AB-A661-4A68-9A58-CB21C8D43CBE}.Release|x64.ActiveCfg = Release|iPhone
		{DAFEF1AB-A661-4A68-9A58-CB21C8D43CBE}.Release|x86.ActiveCfg = Release|iPhone
	EndGlobalSection
	GlobalSection(SolutionProperties) = preSolution
		HideSolutionNode = FALSE
	EndGlobalSection
EndGlobal
